// !$*UTF8*$!
{
	archiveVersion = 1;
	classes = {
	};
	objectVersion = 50;
	objects = {

/* Begin PBXBuildFile section */
		430498AE249181F9007E1D01 /* EmojiMemoryGame.swift in Sources */ = {isa = PBXBuildFile; fileRef = 430498AD249181F9007E1D01 /* EmojiMemoryGame.swift */; };
		430498B024918270007E1D01 /* MemoryGame.swift in Sources */ = {isa = PBXBuildFile; fileRef = 430498AF24918270007E1D01 /* MemoryGame.swift */; };
		4347A4F724B67B2600724A52 /* .swiftlint.yml in Resources */ = {isa = PBXBuildFile; fileRef = 4347A4F624B67B2600724A52 /* .swiftlint.yml */; };
		434F901324C1393C007F44D4 /* AppTheme.swift in Sources */ = {isa = PBXBuildFile; fileRef = 434F901224C1393C007F44D4 /* AppTheme.swift */; };
		436FA03F248025BD0048D160 /* AppDelegate.swift in Sources */ = {isa = PBXBuildFile; fileRef = 436FA03E248025BD0048D160 /* AppDelegate.swift */; };
		436FA041248025BD0048D160 /* SceneDelegate.swift in Sources */ = {isa = PBXBuildFile; fileRef = 436FA040248025BD0048D160 /* SceneDelegate.swift */; };
		436FA043248025BD0048D160 /* ContentView.swift in Sources */ = {isa = PBXBuildFile; fileRef = 436FA042248025BD0048D160 /* ContentView.swift */; };
		436FA045248025BE0048D160 /* Assets.xcassets in Resources */ = {isa = PBXBuildFile; fileRef = 436FA044248025BE0048D160 /* Assets.xcassets */; };
		436FA048248025BE0048D160 /* Preview Assets.xcassets in Resources */ = {isa = PBXBuildFile; fileRef = 436FA047248025BE0048D160 /* Preview Assets.xcassets */; };
		436FA04B248025BE0048D160 /* LaunchScreen.storyboard in Resources */ = {isa = PBXBuildFile; fileRef = 436FA049248025BE0048D160 /* LaunchScreen.storyboard */; };
		4395C8A224BCF41E00E4C844 /* Grid.swift in Sources */ = {isa = PBXBuildFile; fileRef = 4395C8A124BCF41E00E4C844 /* Grid.swift */; };
		4395C8A424BE5FD800E4C844 /* GridLayout.swift in Sources */ = {isa = PBXBuildFile; fileRef = 4395C8A324BE5FD800E4C844 /* GridLayout.swift */; };
		4395C8A624BE6B7C00E4C844 /* Array+Identifiable.swift in Sources */ = {isa = PBXBuildFile; fileRef = 4395C8A524BE6B7B00E4C844 /* Array+Identifiable.swift */; };
		4395C8AC24BEB91200E4C844 /* Array+Only.swift in Sources */ = {isa = PBXBuildFile; fileRef = 4395C8AB24BEB91200E4C844 /* Array+Only.swift */; };
		4395C8AE24BEBB8D00E4C844 /* .gitignore in Resources */ = {isa = PBXBuildFile; fileRef = 4395C8AD24BEBB8D00E4C844 /* .gitignore */; };
/* End PBXBuildFile section */

/* Begin PBXFileReference section */
		430498AD249181F9007E1D01 /* EmojiMemoryGame.swift */ = {isa = PBXFileReference; lastKnownFileType = sourcecode.swift; path = EmojiMemoryGame.swift; sourceTree = "<group>"; };
		430498AF24918270007E1D01 /* MemoryGame.swift */ = {isa = PBXFileReference; lastKnownFileType = sourcecode.swift; path = MemoryGame.swift; sourceTree = "<group>"; };
		4347A4F624B67B2600724A52 /* .swiftlint.yml */ = {isa = PBXFileReference; lastKnownFileType = text.yaml; path = .swiftlint.yml; sourceTree = "<group>"; };
		434F901224C1393C007F44D4 /* AppTheme.swift */ = {isa = PBXFileReference; lastKnownFileType = sourcecode.swift; path = AppTheme.swift; sourceTree = SOURCE_ROOT; };
		436FA03B248025BC0048D160 /* Memorize.app */ = {isa = PBXFileReference; explicitFileType = wrapper.application; includeInIndex = 0; path = Memorize.app; sourceTree = BUILT_PRODUCTS_DIR; };
		436FA03E248025BD0048D160 /* AppDelegate.swift */ = {isa = PBXFileReference; lastKnownFileType = sourcecode.swift; path = AppDelegate.swift; sourceTree = "<group>"; };
		436FA040248025BD0048D160 /* SceneDelegate.swift */ = {isa = PBXFileReference; lastKnownFileType = sourcecode.swift; path = SceneDelegate.swift; sourceTree = "<group>"; };
		436FA042248025BD0048D160 /* ContentView.swift */ = {isa = PBXFileReference; lastKnownFileType = sourcecode.swift; path = ContentView.swift; sourceTree = "<group>"; };
		436FA044248025BE0048D160 /* Assets.xcassets */ = {isa = PBXFileReference; lastKnownFileType = folder.assetcatalog; path = Assets.xcassets; sourceTree = "<group>"; };
		436FA047248025BE0048D160 /* Preview Assets.xcassets */ = {isa = PBXFileReference; lastKnownFileType = folder.assetcatalog; path = "Preview Assets.xcassets"; sourceTree = "<group>"; };
		436FA04A248025BE0048D160 /* Base */ = {isa = PBXFileReference; lastKnownFileType = file.storyboard; name = Base; path = Base.lproj/LaunchScreen.storyboard; sourceTree = "<group>"; };
		436FA04C248025BE0048D160 /* Info.plist */ = {isa = PBXFileReference; lastKnownFileType = text.plist.xml; path = Info.plist; sourceTree = "<group>"; };
		4395C8A124BCF41E00E4C844 /* Grid.swift */ = {isa = PBXFileReference; lastKnownFileType = sourcecode.swift; name = Grid.swift; path = Memorize/Grid.swift; sourceTree = SOURCE_ROOT; };
		4395C8A324BE5FD800E4C844 /* GridLayout.swift */ = {isa = PBXFileReference; fileEncoding = 4; lastKnownFileType = sourcecode.swift; path = GridLayout.swift; sourceTree = "<group>"; };
		4395C8A524BE6B7B00E4C844 /* Array+Identifiable.swift */ = {isa = PBXFileReference; lastKnownFileType = sourcecode.swift; path = "Array+Identifiable.swift"; sourceTree = "<group>"; };
		4395C8AB24BEB91200E4C844 /* Array+Only.swift */ = {isa = PBXFileReference; fileEncoding = 4; lastKnownFileType = sourcecode.swift; path = "Array+Only.swift"; sourceTree = "<group>"; };
		4395C8AD24BEBB8D00E4C844 /* .gitignore */ = {isa = PBXFileReference; fileEncoding = 4; lastKnownFileType = text; path = .gitignore; sourceTree = "<group>"; };
/* End PBXFileReference section */

/* Begin PBXFrameworksBuildPhase section */
		436FA038248025BC0048D160 /* Frameworks */ = {
			isa = PBXFrameworksBuildPhase;
			buildActionMask = 2147483647;
			files = (
			);
			runOnlyForDeploymentPostprocessing = 0;
		};
/* End PBXFrameworksBuildPhase section */

/* Begin PBXGroup section */
		436FA032248025BC0048D160 = {
			isa = PBXGroup;
			children = (
				4347A4F624B67B2600724A52 /* .swiftlint.yml */,
				4395C8AD24BEBB8D00E4C844 /* .gitignore */,
				436FA03D248025BD0048D160 /* Memorize */,
				436FA03C248025BC0048D160 /* Products */,
			);
			sourceTree = "<group>";
		};
		436FA03C248025BC0048D160 /* Products */ = {
			isa = PBXGroup;
			children = (
				436FA03B248025BC0048D160 /* Memorize.app */,
			);
			name = Products;
			sourceTree = "<group>";
		};
		436FA03D248025BD0048D160 /* Memorize */ = {
			isa = PBXGroup;
			children = (
				436FA03E248025BD0048D160 /* AppDelegate.swift */,
				434F901224C1393C007F44D4 /* AppTheme.swift */,
				4395C8A524BE6B7B00E4C844 /* Array+Identifiable.swift */,
				4395C8AB24BEB91200E4C844 /* Array+Only.swift */,
				436FA044248025BE0048D160 /* Assets.xcassets */,
				436FA042248025BD0048D160 /* ContentView.swift */,
				430498AD249181F9007E1D01 /* EmojiMemoryGame.swift */,
				4395C8A124BCF41E00E4C844 /* Grid.swift */,
				4395C8A324BE5FD800E4C844 /* GridLayout.swift */,
				436FA04C248025BE0048D160 /* Info.plist */,
				436FA049248025BE0048D160 /* LaunchScreen.storyboard */,
				430498AF24918270007E1D01 /* MemoryGame.swift */,
				436FA046248025BE0048D160 /* Preview Content */,
				436FA040248025BD0048D160 /* SceneDelegate.swift */,
			);
			path = Memorize;
			sourceTree = "<group>";
		};
		436FA046248025BE0048D160 /* Preview Content */ = {
			isa = PBXGroup;
			children = (
				436FA047248025BE0048D160 /* Preview Assets.xcassets */,
			);
			path = "Preview Content";
			sourceTree = "<group>";
		};
/* End PBXGroup section */

/* Begin PBXNativeTarget section */
		436FA03A248025BC0048D160 /* Memorize */ = {
			isa = PBXNativeTarget;
			buildConfigurationList = 436FA04F248025BE0048D160 /* Build configuration list for PBXNativeTarget "Memorize" */;
			buildPhases = (
				436FA037248025BC0048D160 /* Sources */,
				436FA038248025BC0048D160 /* Frameworks */,
				436FA039248025BC0048D160 /* Resources */,
				4347A4F524B679AC00724A52 /* ShellScript */,
			);
			buildRules = (
			);
			dependencies = (
			);
			name = Memorize;
			productName = Memorize;
			productReference = 436FA03B248025BC0048D160 /* Memorize.app */;
			productType = "com.apple.product-type.application";
		};
/* End PBXNativeTarget section */

/* Begin PBXProject section */
		436FA033248025BC0048D160 /* Project object */ = {
			isa = PBXProject;
			attributes = {
				LastSwiftUpdateCheck = 1150;
				LastUpgradeCheck = 1150;
				ORGANIZATIONNAME = "Bogdan Orzea";
				TargetAttributes = {
					436FA03A248025BC0048D160 = {
						CreatedOnToolsVersion = 11.5;
					};
				};
			};
			buildConfigurationList = 436FA036248025BC0048D160 /* Build configuration list for PBXProject "Memorize" */;
			compatibilityVersion = "Xcode 9.3";
			developmentRegion = en;
			hasScannedForEncodings = 0;
			knownRegions = (
				en,
				Base,
			);
			mainGroup = 436FA032248025BC0048D160;
			productRefGroup = 436FA03C248025BC0048D160 /* Products */;
			projectDirPath = "";
			projectRoot = "";
			targets = (
				436FA03A248025BC0048D160 /* Memorize */,
			);
		};
/* End PBXProject section */

/* Begin PBXResourcesBuildPhase section */
		436FA039248025BC0048D160 /* Resources */ = {
			isa = PBXResourcesBuildPhase;
			buildActionMask = 2147483647;
			files = (
				4395C8AE24BEBB8D00E4C844 /* .gitignore in Resources */,
				4347A4F724B67B2600724A52 /* .swiftlint.yml in Resources */,
				436FA04B248025BE0048D160 /* LaunchScreen.storyboard in Resources */,
				436FA048248025BE0048D160 /* Preview Assets.xcassets in Resources */,
				436FA045248025BE0048D160 /* Assets.xcassets in Resources */,
			);
			runOnlyForDeploymentPostprocessing = 0;
		};
/* End PBXResourcesBuildPhase section */

/* Begin PBXShellScriptBuildPhase section */
		4347A4F524B679AC00724A52 /* ShellScript */ = {
			isa = PBXShellScriptBuildPhase;
			buildActionMask = 2147483647;
			files = (
			);
			inputFileListPaths = (
			);
			inputPaths = (
			);
			outputFileListPaths = (
			);
			outputPaths = (
			);
			runOnlyForDeploymentPostprocessing = 0;
			shellPath = /bin/sh;
			shellScript = "# Type a script or drag a script file from your workspace to insert its path.\nif which swiftlint >/dev/null; then\n  swiftlint\nelse\n  echo \"warning: SwiftLint not installed, download from https://github.com/realm/SwiftLint\"\nfi\n";
		};
/* End PBXShellScriptBuildPhase section */

/* Begin PBXSourcesBuildPhase section */
		436FA037248025BC0048D160 /* Sources */ = {
			isa = PBXSourcesBuildPhase;
			buildActionMask = 2147483647;
			files = (
				436FA03F248025BD0048D160 /* AppDelegate.swift in Sources */,
				436FA041248025BD0048D160 /* SceneDelegate.swift in Sources */,
				430498B024918270007E1D01 /* MemoryGame.swift in Sources */,
				4395C8AC24BEB91200E4C844 /* Array+Only.swift in Sources */,
				436FA043248025BD0048D160 /* ContentView.swift in Sources */,
				430498AE249181F9007E1D01 /* EmojiMemoryGame.swift in Sources */,
				4395C8A624BE6B7C00E4C844 /* Array+Identifiable.swift in Sources */,
				4395C8A424BE5FD800E4C844 /* GridLayout.swift in Sources */,
				4395C8A224BCF41E00E4C844 /* Grid.swift in Sources */,
				434F901324C1393C007F44D4 /* AppTheme.swift in Sources */,
			);
			runOnlyForDeploymentPostprocessing = 0;
		};
/* End PBXSourcesBuildPhase section */

/* Begin PBXVariantGroup section */
		436FA049248025BE0048D160 /* LaunchScreen.storyboard */ = {
			isa = PBXVariantGroup;
			children = (
				436FA04A248025BE0048D160 /* Base */,
			);
			name = LaunchScreen.storyboard;
			sourceTree = "<group>";
		};
/* End PBXVariantGroup section */

/* Begin XCBuildConfiguration section */
		436FA04D248025BE0048D160 /* Debug */ = {
			isa = XCBuildConfiguration;
			buildSettings = {
				ALWAYS_SEARCH_USER_PATHS = NO;
				CLANG_ANALYZER_NONNULL = YES;
				CLANG_ANALYZER_NUMBER_OBJECT_CONVERSION = YES_AGGRESSIVE;
				CLANG_CXX_LANGUAGE_STANDARD = "gnu++14";
				CLANG_CXX_LIBRARY = "libc++";
				CLANG_ENABLE_MODULES = YES;
				CLANG_ENABLE_OBJC_ARC = YES;
				CLANG_ENABLE_OBJC_WEAK = YES;
				CLANG_WARN_BLOCK_CAPTURE_AUTORELEASING = YES;
				CLANG_WARN_BOOL_CONVERSION = YES;
				CLANG_WARN_COMMA = YES;
				CLANG_WARN_CONSTANT_CONVERSION = YES;
				CLANG_WARN_DEPRECATED_OBJC_IMPLEMENTATIONS = YES;
				CLANG_WARN_DIRECT_OBJC_ISA_USAGE = YES_ERROR;
				CLANG_WARN_DOCUMENTATION_COMMENTS = YES;
				CLANG_WARN_EMPTY_BODY = YES;
				CLANG_WARN_ENUM_CONVERSION = YES;
				CLANG_WARN_INFINITE_RECURSION = YES;
				CLANG_WARN_INT_CONVERSION = YES;
				CLANG_WARN_NON_LITERAL_NULL_CONVERSION = YES;
				CLANG_WARN_OBJC_IMPLICIT_RETAIN_SELF = YES;
				CLANG_WARN_OBJC_LITERAL_CONVERSION = YES;
				CLANG_WARN_OBJC_ROOT_CLASS = YES_ERROR;
				CLANG_WARN_RANGE_LOOP_ANALYSIS = YES;
				CLANG_WARN_STRICT_PROTOTYPES = YES;
				CLANG_WARN_SUSPICIOUS_MOVE = YES;
				CLANG_WARN_UNGUARDED_AVAILABILITY = YES_AGGRESSIVE;
				CLANG_WARN_UNREACHABLE_CODE = YES;
				CLANG_WARN__DUPLICATE_METHOD_MATCH = YES;
				COPY_PHASE_STRIP = NO;
				DEBUG_INFORMATION_FORMAT = dwarf;
				ENABLE_STRICT_OBJC_MSGSEND = YES;
				ENABLE_TESTABILITY = YES;
				GCC_C_LANGUAGE_STANDARD = gnu11;
				GCC_DYNAMIC_NO_PIC = NO;
				GCC_NO_COMMON_BLOCKS = YES;
				GCC_OPTIMIZATION_LEVEL = 0;
				GCC_PREPROCESSOR_DEFINITIONS = (
					"DEBUG=1",
					"$(inherited)",
				);
				GCC_WARN_64_TO_32_BIT_CONVERSION = YES;
				GCC_WARN_ABOUT_RETURN_TYPE = YES_ERROR;
				GCC_WARN_UNDECLARED_SELECTOR = YES;
				GCC_WARN_UNINITIALIZED_AUTOS = YES_AGGRESSIVE;
				GCC_WARN_UNUSED_FUNCTION = YES;
				GCC_WARN_UNUSED_VARIABLE = YES;
				IPHONEOS_DEPLOYMENT_TARGET = 13.5;
				MTL_ENABLE_DEBUG_INFO = INCLUDE_SOURCE;
				MTL_FAST_MATH = YES;
				ONLY_ACTIVE_ARCH = YES;
				SDKROOT = iphoneos;
				SWIFT_ACTIVE_COMPILATION_CONDITIONS = DEBUG;
				SWIFT_OPTIMIZATION_LEVEL = "-Onone";
			};
			name = Debug;
		};
		436FA04E248025BE0048D160 /* Release */ = {
			isa = XCBuildConfiguration;
			buildSettings = {
				ALWAYS_SEARCH_USER_PATHS = NO;
				CLANG_ANALYZER_NONNULL = YES;
				CLANG_ANALYZER_NUMBER_OBJECT_CONVERSION = YES_AGGRESSIVE;
				CLANG_CXX_LANGUAGE_STANDARD = "gnu++14";
				CLANG_CXX_LIBRARY = "libc++";
				CLANG_ENABLE_MODULES = YES;
				CLANG_ENABLE_OBJC_ARC = YES;
				CLANG_ENABLE_OBJC_WEAK = YES;
				CLANG_WARN_BLOCK_CAPTURE_AUTORELEASING = YES;
				CLANG_WARN_BOOL_CONVERSION = YES;
				CLANG_WARN_COMMA = YES;
				CLANG_WARN_CONSTANT_CONVERSION = YES;
				CLANG_WARN_DEPRECATED_OBJC_IMPLEMENTATIONS = YES;
				CLANG_WARN_DIRECT_OBJC_ISA_USAGE = YES_ERROR;
				CLANG_WARN_DOCUMENTATION_COMMENTS = YES;
				CLANG_WARN_EMPTY_BODY = YES;
				CLANG_WARN_ENUM_CONVERSION = YES;
				CLANG_WARN_INFINITE_RECURSION = YES;
				CLANG_WARN_INT_CONVERSION = YES;
				CLANG_WARN_NON_LITERAL_NULL_CONVERSION = YES;
				CLANG_WARN_OBJC_IMPLICIT_RETAIN_SELF = YES;
				CLANG_WARN_OBJC_LITERAL_CONVERSION = YES;
				CLANG_WARN_OBJC_ROOT_CLASS = YES_ERROR;
				CLANG_WARN_RANGE_LOOP_ANALYSIS = YES;
				CLANG_WARN_STRICT_PROTOTYPES = YES;
				CLANG_WARN_SUSPICIOUS_MOVE = YES;
				CLANG_WARN_UNGUARDED_AVAILABILITY = YES_AGGRESSIVE;
				CLANG_WARN_UNREACHABLE_CODE = YES;
				CLANG_WARN__DUPLICATE_METHOD_MATCH = YES;
				COPY_PHASE_STRIP = NO;
				DEBUG_INFORMATION_FORMAT = "dwarf-with-dsym";
				ENABLE_NS_ASSERTIONS = NO;
				ENABLE_STRICT_OBJC_MSGSEND = YES;
				GCC_C_LANGUAGE_STANDARD = gnu11;
				GCC_NO_COMMON_BLOCKS = YES;
				GCC_WARN_64_TO_32_BIT_CONVERSION = YES;
				GCC_WARN_ABOUT_RETURN_TYPE = YES_ERROR;
				GCC_WARN_UNDECLARED_SELECTOR = YES;
				GCC_WARN_UNINITIALIZED_AUTOS = YES_AGGRESSIVE;
				GCC_WARN_UNUSED_FUNCTION = YES;
				GCC_WARN_UNUSED_VARIABLE = YES;
				IPHONEOS_DEPLOYMENT_TARGET = 13.5;
				MTL_ENABLE_DEBUG_INFO = NO;
				MTL_FAST_MATH = YES;
				SDKROOT = iphoneos;
				SWIFT_COMPILATION_MODE = wholemodule;
				SWIFT_OPTIMIZATION_LEVEL = "-O";
				VALIDATE_PRODUCT = YES;
			};
			name = Release;
		};
		436FA050248025BE0048D160 /* Debug */ = {
			isa = XCBuildConfiguration;
			buildSettings = {
				ASSETCATALOG_COMPILER_APPICON_NAME = AppIcon;
				CODE_SIGN_STYLE = Automatic;
				DEVELOPMENT_ASSET_PATHS = "\"Memorize/Preview Content\"";
				DEVELOPMENT_TEAM = Z9MVNC5HKU;
				ENABLE_PREVIEWS = YES;
				INFOPLIST_FILE = Memorize/Info.plist;
				LD_RUNPATH_SEARCH_PATHS = (
					"$(inherited)",
					"@executable_path/Frameworks",
				);
				PRODUCT_BUNDLE_IDENTIFIER = com.bogdanorzea.Memorize;
				PRODUCT_NAME = "$(TARGET_NAME)";
				SWIFT_VERSION = 5.0;
				TARGETED_DEVICE_FAMILY = "1,2";
			};
			name = Debug;
		};
		436FA051248025BE0048D160 /* Release */ = {
			isa = XCBuildConfiguration;
			buildSettings = {
				ASSETCATALOG_COMPILER_APPICON_NAME = AppIcon;
				CODE_SIGN_STYLE = Automatic;
				DEVELOPMENT_ASSET_PATHS = "\"Memorize/Preview Content\"";
				DEVELOPMENT_TEAM = Z9MVNC5HKU;
				ENABLE_PREVIEWS = YES;
				INFOPLIST_FILE = Memorize/Info.plist;
				LD_RUNPATH_SEARCH_PATHS = (
					"$(inherited)",
					"@executable_path/Frameworks",
				);
				PRODUCT_BUNDLE_IDENTIFIER = com.bogdanorzea.Memorize;
				PRODUCT_NAME = "$(TARGET_NAME)";
				SWIFT_VERSION = 5.0;
				TARGETED_DEVICE_FAMILY = "1,2";
			};
			name = Release;
		};
/* End XCBuildConfiguration section */

/* Begin XCConfigurationList section */
		436FA036248025BC0048D160 /* Build configuration list for PBXProject "Memorize" */ = {
			isa = XCConfigurationList;
			buildConfigurations = (
				436FA04D248025BE0048D160 /* Debug */,
				436FA04E248025BE0048D160 /* Release */,
			);
			defaultConfigurationIsVisible = 0;
			defaultConfigurationName = Release;
		};
		436FA04F248025BE0048D160 /* Build configuration list for PBXNativeTarget "Memorize" */ = {
			isa = XCConfigurationList;
			buildConfigurations = (
				436FA050248025BE0048D160 /* Debug */,
				436FA051248025BE0048D160 /* Release */,
			);
			defaultConfigurationIsVisible = 0;
			defaultConfigurationName = Release;
		};
/* End XCConfigurationList section */
	};
	rootObject = 436FA033248025BC0048D160 /* Project object */;
}
